
Microsoft Visual Studio Solution File, Format Version 12.00
# Visual Studio Version 16
VisualStudioVersion = 16.0.30517.126
MinimumVisualStudioVersion = 10.0.40219.1
Project("{FAE04EC0-301F-11D3-BF4B-00C04F79EFBC}") = "OOP PROJECT", "OOP PROJECT\OOP PROJECT.csproj", "{9CA3BE2C-3EA6-4143-AD66-12EA17F43C6F}"
EndProject
Global
	GlobalSection(SolutionConfigurationPlatforms) = preSolution
		Debug|Any CPU = Debug|Any CPU
		Release|Any CPU = Release|Any CPU
	EndGlobalSection
	GlobalSection(ProjectConfigurationPlatforms) = postSolution
		{9CA3BE2C-3EA6-4143-AD66-12EA17F43C6F}.Debug|Any CPU.ActiveCfg = Debug|Any CPU
		{9CA3BE2C-3EA6-4143-AD66-12EA17F43C6F}.Debug|Any CPU.Build.0 = Debug|Any CPU
		{9CA3BE2C-3EA6-4143-AD66-12EA17F43C6F}.Release|Any CPU.ActiveCfg = Release|Any CPU
		{9CA3BE2C-3EA6-4143-AD66-12EA17F43C6F}.Release|Any CPU.Build.0 = Release|Any CPU
	EndGlobalSection
	GlobalSection(SolutionProperties) = preSolution
		HideSolutionNode = FALSE
	EndGlobalSection
	GlobalSection(ExtensibilityGlobals) = postSolution
		SolutionGuid = {B9D34866-B7CA-412A-861C-200415EA22D1}
	EndGlobalSection
EndGlobal
